{
    "_readme": [
        "This file locks the dependencies of your project to a known state",
        "Read more about it at https://getcomposer.org/doc/01-basic-usage.md#composer-lock-the-lock-file",
        "This file is @generated automatically"
    ],
    "hash": "e7252492cb5d5647f2c6fa6a074c36ff",
    "content-hash": "b94d53f818e02c77c00a33040a39e757",
    "packages": [
        {
            "name": "lukasdev/drouter",
            "version": "2.4.1",
            "source": {
                "type": "git",
                "url": "https://github.com/lukasdev/DRouter.git",
                "reference": "38c15be609e510f9248b7b37474229fff1a8fcf0"
            },
            "dist": {
                "type": "zip",
                "url": "https://api.github.com/repos/lukasdev/DRouter/zipball/38c15be609e510f9248b7b37474229fff1a8fcf0",
                "reference": "38c15be609e510f9248b7b37474229fff1a8fcf0",
                "shasum": ""
            },
            "require": {
                "php": ">=5.4.0"
            },
            "type": "library",
            "autoload": {
                "psr-4": {
                    "DRouter\\": "src/"
                }
            },
            "notification-url": "https://packagist.org/downloads/",
            "license": [
                "MIT"
            ],
            "authors": [
                {
                    "name": "Lucas Silva",
                    "email": "dev.lucassilva@gmail.com",
                    "role": "Developer"
                }
            ],
            "description": "Um sistema simplista de roteamento, com o intuito de ser utilizado em aplicacoes web pequenas e webservices REST",
            "homepage": "https://github.com/lukasdev/DRouter",
            "keywords": [
                "api",
                "microframework",
                "rest",
                "router"
            ],
            "time": "2016-11-04 15:57:02"
        }
    ],
    "packages-dev": [],
    "aliases": [],
    "minimum-stability": "stable",
    "stability-flags": [],
    "prefer-stable": false,
    "prefer-lowest": false,
    "platform": [],
    "platform-dev": []
}
